
Microsoft Visual Studio Solution File, Format Version 12.00
# Visual Studio Version 17
VisualStudioVersion = 17.0.31903.59
MinimumVisualStudioVersion = 10.0.40219.1
Project("{FAE04EC0-301F-11D3-BF4B-00C04F79EFBC}") = "Api", "Api\Api.csproj", "{AAF007E0-CEA2-474F-8F87-F4DF8147ED5A}"
EndProject
Project("{FAE04EC0-301F-11D3-BF4B-00C04F79EFBC}") = "Infrastructure.Core", "Infrastructure.Core\Infrastructure.Core.csproj", "{9DEDC650-8E94-46D2-8F09-7B80CD87F13B}"
EndProject
Project("{FAE04EC0-301F-11D3-BF4B-00C04F79EFBC}") = "Infrastructure.Data", "Infrastructure.Data\Infrastructure.Data.csproj", "{03473CFC-4358-40CC-A652-128D8A61C048}"
EndProject
Global
	GlobalSection(SolutionConfigurationPlatforms) = preSolution
		Debug|Any CPU = Debug|Any CPU
		Release|Any CPU = Release|Any CPU
	EndGlobalSection
	GlobalSection(SolutionProperties) = preSolution
		HideSolutionNode = FALSE
	EndGlobalSection
	GlobalSection(ProjectConfigurationPlatforms) = postSolution
		{AAF007E0-CEA2-474F-8F87-F4DF8147ED5A}.Debug|Any CPU.ActiveCfg = Debug|Any CPU
		{AAF007E0-CEA2-474F-8F87-F4DF8147ED5A}.Debug|Any CPU.Build.0 = Debug|Any CPU
		{AAF007E0-CEA2-474F-8F87-F4DF8147ED5A}.Release|Any CPU.ActiveCfg = Release|Any CPU
		{AAF007E0-CEA2-474F-8F87-F4DF8147ED5A}.Release|Any CPU.Build.0 = Release|Any CPU
		{9DEDC650-8E94-46D2-8F09-7B80CD87F13B}.Debug|Any CPU.ActiveCfg = Debug|Any CPU
		{9DEDC650-8E94-46D2-8F09-7B80CD87F13B}.Debug|Any CPU.Build.0 = Debug|Any CPU
		{9DEDC650-8E94-46D2-8F09-7B80CD87F13B}.Release|Any CPU.ActiveCfg = Release|Any CPU
		{9DEDC650-8E94-46D2-8F09-7B80CD87F13B}.Release|Any CPU.Build.0 = Release|Any CPU
		{03473CFC-4358-40CC-A652-128D8A61C048}.Debug|Any CPU.ActiveCfg = Debug|Any CPU
		{03473CFC-4358-40CC-A652-128D8A61C048}.Debug|Any CPU.Build.0 = Debug|Any CPU
		{03473CFC-4358-40CC-A652-128D8A61C048}.Release|Any CPU.ActiveCfg = Release|Any CPU
		{03473CFC-4358-40CC-A652-128D8A61C048}.Release|Any CPU.Build.0 = Release|Any CPU
	EndGlobalSection
EndGlobal
